
Microsoft Visual Studio Solution File, Format Version 12.00
# Visual Studio Version 16
VisualStudioVersion = 16.0.31605.320
MinimumVisualStudioVersion = 10.0.40219.1
Project("{9A19103F-16F7-4668-BE54-9A1E7A4F7556}") = "WebApplication1.Server", "WebApplication1\Server\WebApplication1.Server.csproj", "{3E1EE01D-AEB0-48E1-B793-235CA8E36F54}"
EndProject
Project("{9A19103F-16F7-4668-BE54-9A1E7A4F7556}") = "WebApplication1.Client", "WebApplication1\Client\WebApplication1.Client.csproj", "{FBCFF10E-1A34-4DD2-A1FE-CB7635C8211A}"
EndProject
Project("{9A19103F-16F7-4668-BE54-9A1E7A4F7556}") = "WebApplication1.Shared", "WebApplication1\Shared\WebApplication1.Shared.csproj", "{27BCA03C-94B4-422D-8F73-550CEEEEA805}"
EndProject
Global
	GlobalSection(SolutionConfigurationPlatforms) = preSolution
		Debug|Any CPU = Debug|Any CPU
		Release|Any CPU = Release|Any CPU
	EndGlobalSection
	GlobalSection(ProjectConfigurationPlatforms) = postSolution
		{3E1EE01D-AEB0-48E1-B793-235CA8E36F54}.Debug|Any CPU.ActiveCfg = Debug|Any CPU
		{3E1EE01D-AEB0-48E1-B793-235CA8E36F54}.Debug|Any CPU.Build.0 = Debug|Any CPU
		{3E1EE01D-AEB0-48E1-B793-235CA8E36F54}.Release|Any CPU.ActiveCfg = Release|Any CPU
		{3E1EE01D-AEB0-48E1-B793-235CA8E36F54}.Release|Any CPU.Build.0 = Release|Any CPU
		{FBCFF10E-1A34-4DD2-A1FE-CB7635C8211A}.Debug|Any CPU.ActiveCfg = Debug|Any CPU
		{FBCFF10E-1A34-4DD2-A1FE-CB7635C8211A}.Debug|Any CPU.Build.0 = Debug|Any CPU
		{FBCFF10E-1A34-4DD2-A1FE-CB7635C8211A}.Release|Any CPU.ActiveCfg = Release|Any CPU
		{FBCFF10E-1A34-4DD2-A1FE-CB7635C8211A}.Release|Any CPU.Build.0 = Release|Any CPU
		{27BCA03C-94B4-422D-8F73-550CEEEEA805}.Debug|Any CPU.ActiveCfg = Debug|Any CPU
		{27BCA03C-94B4-422D-8F73-550CEEEEA805}.Debug|Any CPU.Build.0 = Debug|Any CPU
		{27BCA03C-94B4-422D-8F73-550CEEEEA805}.Release|Any CPU.ActiveCfg = Release|Any CPU
		{27BCA03C-94B4-422D-8F73-550CEEEEA805}.Release|Any CPU.Build.0 = Release|Any CPU
	EndGlobalSection
	GlobalSection(SolutionProperties) = preSolution
		HideSolutionNode = FALSE
	EndGlobalSection
	GlobalSection(ExtensibilityGlobals) = postSolution
		SolutionGuid = {61CF5DA1-38E0-4606-93FA-2EB751E5B0D6}
	EndGlobalSection
EndGlobal
